{
  "nodes": {
    "flakelight": {
      "inputs": {
        "nixpkgs": "nixpkgs"
      },
      "locked": {
        "lastModified": 1739191238,
        "narHash": "sha256-DRuhQDWscKWXAZcatFDLQ0+pMKmGZ9lEZdxygq8rVSU=",
        "owner": "nix-community",
        "repo": "flakelight",
        "rev": "5656e7f5fda93676642d199fd9eb47b970d6139e",
        "type": "github"
      },
      "original": {
        "owner": "nix-community",
        "repo": "flakelight",
        "type": "github"
      }
    },
    "flakelight-zig": {
      "inputs": {
        "flakelight": "flakelight"
      },
      "locked": {
        "lastModified": 1739276422,
        "narHash": "sha256-xa7fybIuPZ4YRWBM2Ef3VpGCRW6UG2hJ4b7UIdDDY2k=",
        "owner": "accelbread",
        "repo": "flakelight-zig",
        "rev": "9d797da6e1130cbd0ff98eb15454625da8c3684c",
        "type": "github"
      },
      "original": {
        "owner": "accelbread",
        "repo": "flakelight-zig",
        "type": "github"
      }
    },
    "flakelight_2": {
      "inputs": {
        "nixpkgs": "nixpkgs_3"
      },
      "locked": {
        "lastModified": 1739191238,
        "narHash": "sha256-DRuhQDWscKWXAZcatFDLQ0+pMKmGZ9lEZdxygq8rVSU=",
        "owner": "nix-community",
        "repo": "flakelight",
        "rev": "5656e7f5fda93676642d199fd9eb47b970d6139e",
        "type": "github"
      },
      "original": {
        "owner": "nix-community",
        "repo": "flakelight",
        "type": "github"
      }
    },
    "nixpkgs": {
      "locked": {
        "lastModified": 1739020877,
        "narHash": "sha256-mIvECo/NNdJJ/bXjNqIh8yeoSjVLAuDuTUzAo7dzs8Y=",
        "owner": "NixOS",
        "repo": "nixpkgs",
        "rev": "a79cfe0ebd24952b580b1cf08cd906354996d547",
        "type": "github"
      },
      "original": {
        "owner": "NixOS",
        "ref": "nixos-unstable",
        "repo": "nixpkgs",
        "type": "github"
      }
    },
    "nixpkgs_2": {
      "locked": {
        "lastModified": 1739580444,
        "narHash": "sha256-+/bSz4EAVbqz8/HsIGLroF8aNaO8bLRL7WfACN+24g4=",
        "owner": "NixOS",
        "repo": "nixpkgs",
        "rev": "8bb37161a0488b89830168b81c48aed11569cb93",
        "type": "github"
      },
      "original": {
        "owner": "NixOS",
        "ref": "nixos-unstable",
        "repo": "nixpkgs",
        "type": "github"
      }
    },
    "nixpkgs_3": {
      "locked": {
        "lastModified": 1739020877,
        "narHash": "sha256-mIvECo/NNdJJ/bXjNqIh8yeoSjVLAuDuTUzAo7dzs8Y=",
        "owner": "NixOS",
        "repo": "nixpkgs",
        "rev": "a79cfe0ebd24952b580b1cf08cd906354996d547",
        "type": "github"
      },
      "original": {
        "owner": "NixOS",
        "ref": "nixos-unstable",
        "repo": "nixpkgs",
        "type": "github"
      }
    },
    "root": {
      "inputs": {
        "flakelight-zig": "flakelight-zig",
        "nixpkgs": "nixpkgs_2",
        "zig-master-flake": "zig-master-flake"
      }
    },
    "zig-master-flake": {
      "inputs": {
        "flakelight": "flakelight_2",
        "nixpkgs": [
          "zig-master-flake",
          "flakelight",
          "nixpkgs"
        ]
      },
      "locked": {
        "lastModified": 1739745638,
        "narHash": "sha256-CfAz1z3EEZMW5W+qR5KzEXxrIq7xXoVjXh3TQRjXvho=",
        "owner": "accelbread",
        "repo": "zig-master-flake",
        "rev": "01fcb453f08f041f30a2a129855dbcbe3085b567",
        "type": "github"
      },
      "original": {
        "owner": "accelbread",
        "repo": "zig-master-flake",
        "type": "github"
      }
    }
  },
  "root": "root",
  "version": 7
}
